// !$*UTF8*$!
{
	archiveVersion = 1;
	classes = {
	};
	objectVersion = 77;
	objects = {

/* Begin PBXBuildFile section */
		429C4A8D2CC926160034331B /* FirebaseAuth in Frameworks */ = {isa = PBXBuildFile; productRef = 429C4A8C2CC926160034331B /* FirebaseAuth */; };
		429C4A8F2CC926160034331B /* FirebaseFirestore in Frameworks */ = {isa = PBXBuildFile; productRef = 429C4A8E2CC926160034331B /* FirebaseFirestore */; };
		429C4A922CC926470034331B /* FirebaseCore in Frameworks */ = {isa = PBXBuildFile; productRef = 429C4A912CC926470034331B /* FirebaseCore */; };
/* End PBXBuildFile section */

/* Begin PBXContainerItemProxy section */
		429C4A5B2CC916320034331B /* PBXContainerItemProxy */ = {
			isa = PBXContainerItemProxy;
			containerPortal = 429C4A3D2CC916300034331B /* Project object */;
			proxyType = 1;
			remoteGlobalIDString = 429C4A442CC916300034331B;
			remoteInfo = SportsTracker;
		};
		429C4A652CC916320034331B /* PBXContainerItemProxy */ = {
			isa = PBXContainerItemProxy;
			containerPortal = 429C4A3D2CC916300034331B /* Project object */;
			proxyType = 1;
			remoteGlobalIDString = 429C4A442CC916300034331B;
			remoteInfo = SportsTracker;
		};
/* End PBXContainerItemProxy section */

/* Begin PBXFileReference section */
		429C4A452CC916300034331B /* SportsTracker.app */ = {isa = PBXFileReference; explicitFileType = wrapper.application; includeInIndex = 0; path = SportsTracker.app; sourceTree = BUILT_PRODUCTS_DIR; };
		429C4A5A2CC916320034331B /* SportsTrackerTests.xctest */ = {isa = PBXFileReference; explicitFileType = wrapper.cfbundle; includeInIndex = 0; path = SportsTrackerTests.xctest; sourceTree = BUILT_PRODUCTS_DIR; };
		429C4A642CC916320034331B /* SportsTrackerUITests.xctest */ = {isa = PBXFileReference; explicitFileType = wrapper.cfbundle; includeInIndex = 0; path = SportsTrackerUITests.xctest; sourceTree = BUILT_PRODUCTS_DIR; };
/* End PBXFileReference section */

/* Begin PBXFileSystemSynchronizedRootGroup section */
		429C4A472CC916300034331B /* SportsTracker */ = {
			isa = PBXFileSystemSynchronizedRootGroup;
			path = SportsTracker;
			sourceTree = "<group>";
		};
		429C4A5D2CC916320034331B /* SportsTrackerTests */ = {
			isa = PBXFileSystemSynchronizedRootGroup;
			path = SportsTrackerTests;
			sourceTree = "<group>";
		};
		429C4A672CC916320034331B /* SportsTrackerUITests */ = {
			isa = PBXFileSystemSynchronizedRootGroup;
			path = SportsTrackerUITests;
			sourceTree = "<group>";
		};
/* End PBXFileSystemSynchronizedRootGroup section */

/* Begin PBXFrameworksBuildPhase section */
		429C4A422CC916300034331B /* Frameworks */ = {
			isa = PBXFrameworksBuildPhase;
			buildActionMask = 2147483647;
			files = (
				429C4A8D2CC926160034331B /* FirebaseAuth in Frameworks */,
				429C4A922CC926470034331B /* FirebaseCore in Frameworks */,
				429C4A8F2CC926160034331B /* FirebaseFirestore in Frameworks */,
			);
			runOnlyForDeploymentPostprocessing = 0;
		};
		429C4A572CC916320034331B /* Frameworks */ = {
			isa = PBXFrameworksBuildPhase;
			buildActionMask = 2147483647;
			files = (
			);
			runOnlyForDeploymentPostprocessing = 0;
		};
		429C4A612CC916320034331B /* Frameworks */ = {
			isa = PBXFrameworksBuildPhase;
			buildActionMask = 2147483647;
			files = (
			);
			runOnlyForDeploymentPostprocessing = 0;
		};
/* End PBXFrameworksBuildPhase section */

/* Begin PBXGroup section */
		429C4A3C2CC916300034331B = {
			isa = PBXGroup;
			children = (
				429C4A472CC916300034331B /* SportsTracker */,
				429C4A5D2CC916320034331B /* SportsTrackerTests */,
				429C4A672CC916320034331B /* SportsTrackerUITests */,
				429C4A902CC926470034331B /* Frameworks */,
				429C4A462CC916300034331B /* Products */,
			);
			sourceTree = "<group>";
		};
		429C4A462CC916300034331B /* Products */ = {
			isa = PBXGroup;
			children = (
				429C4A452CC916300034331B /* SportsTracker.app */,
				429C4A5A2CC916320034331B /* SportsTrackerTests.xctest */,
				429C4A642CC916320034331B /* SportsTrackerUITests.xctest */,
			);
			name = Products;
			sourceTree = "<group>";
		};
		429C4A902CC926470034331B /* Frameworks */ = {
			isa = PBXGroup;
			children = (
			);
			name = Frameworks;
			sourceTree = "<group>";
		};
/* End PBXGroup section */

/* Begin PBXNativeTarget section */
		429C4A442CC916300034331B /* SportsTracker */ = {
			isa = PBXNativeTarget;
			buildConfigurationList = 429C4A6E2CC916320034331B /* Build configuration list for PBXNativeTarget "SportsTracker" */;
			buildPhases = (
				429C4A412CC916300034331B /* Sources */,
				429C4A422CC916300034331B /* Frameworks */,
				429C4A432CC916300034331B /* Resources */,
			);
			buildRules = (
			);
			dependencies = (
			);
			fileSystemSynchronizedGroups = (
				429C4A472CC916300034331B /* SportsTracker */,
			);
			name = SportsTracker;
			packageProductDependencies = (
				429C4A8C2CC926160034331B /* FirebaseAuth */,
				429C4A8E2CC926160034331B /* FirebaseFirestore */,
				429C4A912CC926470034331B /* FirebaseCore */,
			);
			productName = SportsTracker;
			productReference = 429C4A452CC916300034331B /* SportsTracker.app */;
			productType = "com.apple.product-type.application";
		};
		429C4A592CC916320034331B /* SportsTrackerTests */ = {
			isa = PBXNativeTarget;
			buildConfigurationList = 429C4A712CC916320034331B /* Build configuration list for PBXNativeTarget "SportsTrackerTests" */;
			buildPhases = (
				429C4A562CC916320034331B /* Sources */,
				429C4A572CC916320034331B /* Frameworks */,
				429C4A582CC916320034331B /* Resources */,
			);
			buildRules = (
			);
			dependencies = (
				429C4A5C2CC916320034331B /* PBXTargetDependency */,
			);
			fileSystemSynchronizedGroups = (
				429C4A5D2CC916320034331B /* SportsTrackerTests */,
			);
			name = SportsTrackerTests;
			packageProductDependencies = (
			);
			productName = SportsTrackerTests;
			productReference = 429C4A5A2CC916320034331B /* SportsTrackerTests.xctest */;
			productType = "com.apple.product-type.bundle.unit-test";
		};
		429C4A632CC916320034331B /* SportsTrackerUITests */ = {
			isa = PBXNativeTarget;
			buildConfigurationList = 429C4A742CC916320034331B /* Build configuration list for PBXNativeTarget "SportsTrackerUITests" */;
			buildPhases = (
				429C4A602CC916320034331B /* Sources */,
				429C4A612CC916320034331B /* Frameworks */,
				429C4A622CC916320034331B /* Resources */,
			);
			buildRules = (
			);
			dependencies = (
				429C4A662CC916320034331B /* PBXTargetDependency */,
			);
			fileSystemSynchronizedGroups = (
				429C4A672CC916320034331B /* SportsTrackerUITests */,
			);
			name = SportsTrackerUITests;
			packageProductDependencies = (
			);
			productName = SportsTrackerUITests;
			productReference = 429C4A642CC916320034331B /* SportsTrackerUITests.xctest */;
			productType = "com.apple.product-type.bundle.ui-testing";
		};
/* End PBXNativeTarget section */

/* Begin PBXProject section */
		429C4A3D2CC916300034331B /* Project object */ = {
			isa = PBXProject;
			attributes = {
				BuildIndependentTargetsInParallel = 1;
				LastSwiftUpdateCheck = 1600;
				LastUpgradeCheck = 1600;
				TargetAttributes = {
					429C4A442CC916300034331B = {
						CreatedOnToolsVersion = 16.0;
					};
					429C4A592CC916320034331B = {
						CreatedOnToolsVersion = 16.0;
						TestTargetID = 429C4A442CC916300034331B;
					};
					429C4A632CC916320034331B = {
						CreatedOnToolsVersion = 16.0;
						TestTargetID = 429C4A442CC916300034331B;
					};
				};
			};
			buildConfigurationList = 429C4A402CC916300034331B /* Build configuration list for PBXProject "SportsTracker" */;
			developmentRegion = en;
			hasScannedForEncodings = 0;
			knownRegions = (
				en,
				Base,
			);
			mainGroup = 429C4A3C2CC916300034331B;
			minimizedProjectReferenceProxies = 1;
			packageReferences = (
				429C4A8B2CC926160034331B /* XCRemoteSwiftPackageReference "firebase-ios-sdk" */,
			);
			preferredProjectObjectVersion = 77;
			productRefGroup = 429C4A462CC916300034331B /* Products */;
			projectDirPath = "";
			projectRoot = "";
			targets = (
				429C4A442CC916300034331B /* SportsTracker */,
				429C4A592CC916320034331B /* SportsTrackerTests */,
				429C4A632CC916320034331B /* SportsTrackerUITests */,
			);
		};
/* End PBXProject section */

/* Begin PBXResourcesBuildPhase section */
		429C4A432CC916300034331B /* Resources */ = {
			isa = PBXResourcesBuildPhase;
			buildActionMask = 2147483647;
			files = (
			);
			runOnlyForDeploymentPostprocessing = 0;
		};
		429C4A582CC916320034331B /* Resources */ = {
			isa = PBXResourcesBuildPhase;
			buildActionMask = 2147483647;
			files = (
			);
			runOnlyForDeploymentPostprocessing = 0;
		};
		429C4A622CC916320034331B /* Resources */ = {
			isa = PBXResourcesBuildPhase;
			buildActionMask = 2147483647;
			files = (
			);
			runOnlyForDeploymentPostprocessing = 0;
		};
/* End PBXResourcesBuildPhase section */

/* Begin PBXSourcesBuildPhase section */
		429C4A412CC916300034331B /* Sources */ = {
			isa = PBXSourcesBuildPhase;
			buildActionMask = 2147483647;
			files = (
			);
			runOnlyForDeploymentPostprocessing = 0;
		};
		429C4A562CC916320034331B /* Sources */ = {
			isa = PBXSourcesBuildPhase;
			buildActionMask = 2147483647;
			files = (
			);
			runOnlyForDeploymentPostprocessing = 0;
		};
		429C4A602CC916320034331B /* Sources */ = {
			isa = PBXSourcesBuildPhase;
			buildActionMask = 2147483647;
			files = (
			);
			runOnlyForDeploymentPostprocessing = 0;
		};
/* End PBXSourcesBuildPhase section */

/* Begin PBXTargetDependency section */
		429C4A5C2CC916320034331B /* PBXTargetDependency */ = {
			isa = PBXTargetDependency;
			target = 429C4A442CC916300034331B /* SportsTracker */;
			targetProxy = 429C4A5B2CC916320034331B /* PBXContainerItemProxy */;
		};
		429C4A662CC916320034331B /* PBXTargetDependency */ = {
			isa = PBXTargetDependency;
			target = 429C4A442CC916300034331B /* SportsTracker */;
			targetProxy = 429C4A652CC916320034331B /* PBXContainerItemProxy */;
		};
/* End PBXTargetDependency section */

/* Begin XCBuildConfiguration section */
		429C4A6C2CC916320034331B /* Debug */ = {
			isa = XCBuildConfiguration;
			buildSettings = {
				ALWAYS_SEARCH_USER_PATHS = NO;
				ASSETCATALOG_COMPILER_GENERATE_SWIFT_ASSET_SYMBOL_EXTENSIONS = YES;
				CLANG_ANALYZER_NONNULL = YES;
				CLANG_ANALYZER_NUMBER_OBJECT_CONVERSION = YES_AGGRESSIVE;
				CLANG_CXX_LANGUAGE_STANDARD = "gnu++20";
				CLANG_ENABLE_MODULES = YES;
				CLANG_ENABLE_OBJC_ARC = YES;
				CLANG_ENABLE_OBJC_WEAK = YES;
				CLANG_WARN_BLOCK_CAPTURE_AUTORELEASING = YES;
				CLANG_WARN_BOOL_CONVERSION = YES;
				CLANG_WARN_COMMA = YES;
				CLANG_WARN_CONSTANT_CONVERSION = YES;
				CLANG_WARN_DEPRECATED_OBJC_IMPLEMENTATIONS = YES;
				CLANG_WARN_DIRECT_OBJC_ISA_USAGE = YES_ERROR;
				CLANG_WARN_DOCUMENTATION_COMMENTS = YES;
				CLANG_WARN_EMPTY_BODY = YES;
				CLANG_WARN_ENUM_CONVERSION = YES;
				CLANG_WARN_INFINITE_RECURSION = YES;
				CLANG_WARN_INT_CONVERSION = YES;
				CLANG_WARN_NON_LITERAL_NULL_CONVERSION = YES;
				CLANG_WARN_OBJC_IMPLICIT_RETAIN_SELF = YES;
				CLANG_WARN_OBJC_LITERAL_CONVERSION = YES;
				CLANG_WARN_OBJC_ROOT_CLASS = YES_ERROR;
				CLANG_WARN_QUOTED_INCLUDE_IN_FRAMEWORK_HEADER = YES;
				CLANG_WARN_RANGE_LOOP_ANALYSIS = YES;
				CLANG_WARN_STRICT_PROTOTYPES = YES;
				CLANG_WARN_SUSPICIOUS_MOVE = YES;
				CLANG_WARN_UNGUARDED_AVAILABILITY = YES_AGGRESSIVE;
				CLANG_WARN_UNREACHABLE_CODE = YES;
				CLANG_WARN__DUPLICATE_METHOD_MATCH = YES;
				COPY_PHASE_STRIP = NO;
				DEBUG_INFORMATION_FORMAT = dwarf;
				ENABLE_STRICT_OBJC_MSGSEND = YES;
				ENABLE_TESTABILITY = YES;
				ENABLE_USER_SCRIPT_SANDBOXING = YES;
				GCC_C_LANGUAGE_STANDARD = gnu17;
				GCC_DYNAMIC_NO_PIC = NO;
				GCC_NO_COMMON_BLOCKS = YES;
				GCC_OPTIMIZATION_LEVEL = 0;
				GCC_PREPROCESSOR_DEFINITIONS = (
					"DEBUG=1",
					"$(inherited)",
				);
				GCC_WARN_64_TO_32_BIT_CONVERSION = YES;
				GCC_WARN_ABOUT_RETURN_TYPE = YES_ERROR;
				GCC_WARN_UNDECLARED_SELECTOR = YES;
				GCC_WARN_UNINITIALIZED_AUTOS = YES_AGGRESSIVE;
				GCC_WARN_UNUSED_FUNCTION = YES;
				GCC_WARN_UNUSED_VARIABLE = YES;
				IPHONEOS_DEPLOYMENT_TARGET = 18.0;
				LOCALIZATION_PREFERS_STRING_CATALOGS = YES;
				MTL_ENABLE_DEBUG_INFO = INCLUDE_SOURCE;
				MTL_FAST_MATH = YES;
				ONLY_ACTIVE_ARCH = YES;
				SDKROOT = iphoneos;
				SWIFT_ACTIVE_COMPILATION_CONDITIONS = "DEBUG $(inherited)";
				SWIFT_OPTIMIZATION_LEVEL = "-Onone";
			};
			name = Debug;
		};
		429C4A6D2CC916320034331B /* Release */ = {
			isa = XCBuildConfiguration;
			buildSettings = {
				ALWAYS_SEARCH_USER_PATHS = NO;
				ASSETCATALOG_COMPILER_GENERATE_SWIFT_ASSET_SYMBOL_EXTENSIONS = YES;
				CLANG_ANALYZER_NONNULL = YES;
				CLANG_ANALYZER_NUMBER_OBJECT_CONVERSION = YES_AGGRESSIVE;
				CLANG_CXX_LANGUAGE_STANDARD = "gnu++20";
				CLANG_ENABLE_MODULES = YES;
				CLANG_ENABLE_OBJC_ARC = YES;
				CLANG_ENABLE_OBJC_WEAK = YES;
				CLANG_WARN_BLOCK_CAPTURE_AUTORELEASING = YES;
				CLANG_WARN_BOOL_CONVERSION = YES;
				CLANG_WARN_COMMA = YES;
				CLANG_WARN_CONSTANT_CONVERSION = YES;
				CLANG_WARN_DEPRECATED_OBJC_IMPLEMENTATIONS = YES;
				CLANG_WARN_DIRECT_OBJC_ISA_USAGE = YES_ERROR;
				CLANG_WARN_DOCUMENTATION_COMMENTS = YES;
				CLANG_WARN_EMPTY_BODY = YES;
				CLANG_WARN_ENUM_CONVERSION = YES;
				CLANG_WARN_INFINITE_RECURSION = YES;
				CLANG_WARN_INT_CONVERSION = YES;
				CLANG_WARN_NON_LITERAL_NULL_CONVERSION = YES;
				CLANG_WARN_OBJC_IMPLICIT_RETAIN_SELF = YES;
				CLANG_WARN_OBJC_LITERAL_CONVERSION = YES;
				CLANG_WARN_OBJC_ROOT_CLASS = YES_ERROR;
				CLANG_WARN_QUOTED_INCLUDE_IN_FRAMEWORK_HEADER = YES;
				CLANG_WARN_RANGE_LOOP_ANALYSIS = YES;
				CLANG_WARN_STRICT_PROTOTYPES = YES;
				CLANG_WARN_SUSPICIOUS_MOVE = YES;
				CLANG_WARN_UNGUARDED_AVAILABILITY = YES_AGGRESSIVE;
				CLANG_WARN_UNREACHABLE_CODE = YES;
				CLANG_WARN__DUPLICATE_METHOD_MATCH = YES;
				COPY_PHASE_STRIP = NO;
				DEBUG_INFORMATION_FORMAT = "dwarf-with-dsym";
				ENABLE_NS_ASSERTIONS = NO;
				ENABLE_STRICT_OBJC_MSGSEND = YES;
				ENABLE_USER_SCRIPT_SANDBOXING = YES;
				GCC_C_LANGUAGE_STANDARD = gnu17;
				GCC_NO_COMMON_BLOCKS = YES;
				GCC_WARN_64_TO_32_BIT_CONVERSION = YES;
				GCC_WARN_ABOUT_RETURN_TYPE = YES_ERROR;
				GCC_WARN_UNDECLARED_SELECTOR = YES;
				GCC_WARN_UNINITIALIZED_AUTOS = YES_AGGRESSIVE;
				GCC_WARN_UNUSED_FUNCTION = YES;
				GCC_WARN_UNUSED_VARIABLE = YES;
				IPHONEOS_DEPLOYMENT_TARGET = 18.0;
				LOCALIZATION_PREFERS_STRING_CATALOGS = YES;
				MTL_ENABLE_DEBUG_INFO = NO;
				MTL_FAST_MATH = YES;
				SDKROOT = iphoneos;
				SWIFT_COMPILATION_MODE = wholemodule;
				VALIDATE_PRODUCT = YES;
			};
			name = Release;
		};
		429C4A6F2CC916320034331B /* Debug */ = {
			isa = XCBuildConfiguration;
			buildSettings = {
				ASSETCATALOG_COMPILER_APPICON_NAME = AppIcon;
				ASSETCATALOG_COMPILER_GLOBAL_ACCENT_COLOR_NAME = AccentColor;
				CODE_SIGN_STYLE = Automatic;
				CURRENT_PROJECT_VERSION = 1;
				DEVELOPMENT_ASSET_PATHS = "\"SportsTracker/Preview Content\"";
				DEVELOPMENT_TEAM = R4HUU3XH9L;
				ENABLE_PREVIEWS = YES;
				GENERATE_INFOPLIST_FILE = YES;
				INFOPLIST_KEY_UIApplicationSceneManifest_Generation = YES;
				INFOPLIST_KEY_UIApplicationSupportsIndirectInputEvents = YES;
				INFOPLIST_KEY_UILaunchScreen_Generation = YES;
				INFOPLIST_KEY_UISupportedInterfaceOrientations_iPad = "UIInterfaceOrientationPortrait UIInterfaceOrientationPortraitUpsideDown UIInterfaceOrientationLandscapeLeft UIInterfaceOrientationLandscapeRight";
				INFOPLIST_KEY_UISupportedInterfaceOrientations_iPhone = "UIInterfaceOrientationPortrait UIInterfaceOrientationLandscapeLeft UIInterfaceOrientationLandscapeRight";
				LD_RUNPATH_SEARCH_PATHS = (
					"$(inherited)",
					"@executable_path/Frameworks",
				);
				MARKETING_VERSION = 1.0;
				PRODUCT_BUNDLE_IDENTIFIER = cz.saffin.SportsTracker;
				PRODUCT_NAME = "$(TARGET_NAME)";
				SWIFT_EMIT_LOC_STRINGS = YES;
				SWIFT_VERSION = 5.0;
				TARGETED_DEVICE_FAMILY = "1,2";
			};
			name = Debug;
		};
		429C4A702CC916320034331B /* Release */ = {
			isa = XCBuildConfiguration;
			buildSettings = {
				ASSETCATALOG_COMPILER_APPICON_NAME = AppIcon;
				ASSETCATALOG_COMPILER_GLOBAL_ACCENT_COLOR_NAME = AccentColor;
				CODE_SIGN_STYLE = Automatic;
				CURRENT_PROJECT_VERSION = 1;
				DEVELOPMENT_ASSET_PATHS = "\"SportsTracker/Preview Content\"";
				DEVELOPMENT_TEAM = R4HUU3XH9L;
				ENABLE_PREVIEWS = YES;
				GENERATE_INFOPLIST_FILE = YES;
				INFOPLIST_KEY_UIApplicationSceneManifest_Generation = YES;
				INFOPLIST_KEY_UIApplicationSupportsIndirectInputEvents = YES;
				INFOPLIST_KEY_UILaunchScreen_Generation = YES;
				INFOPLIST_KEY_UISupportedInterfaceOrientations_iPad = "UIInterfaceOrientationPortrait UIInterfaceOrientationPortraitUpsideDown UIInterfaceOrientationLandscapeLeft UIInterfaceOrientationLandscapeRight";
				INFOPLIST_KEY_UISupportedInterfaceOrientations_iPhone = "UIInterfaceOrientationPortrait UIInterfaceOrientationLandscapeLeft UIInterfaceOrientationLandscapeRight";
				LD_RUNPATH_SEARCH_PATHS = (
					"$(inherited)",
					"@executable_path/Frameworks",
				);
				MARKETING_VERSION = 1.0;
				PRODUCT_BUNDLE_IDENTIFIER = cz.saffin.SportsTracker;
				PRODUCT_NAME = "$(TARGET_NAME)";
				SWIFT_EMIT_LOC_STRINGS = YES;
				SWIFT_VERSION = 5.0;
				TARGETED_DEVICE_FAMILY = "1,2";
			};
			name = Release;
		};
		429C4A722CC916320034331B /* Debug */ = {
			isa = XCBuildConfiguration;
			buildSettings = {
				BUNDLE_LOADER = "$(TEST_HOST)";
				CODE_SIGN_STYLE = Automatic;
				CURRENT_PROJECT_VERSION = 1;
				DEVELOPMENT_TEAM = R4HUU3XH9L;
				GENERATE_INFOPLIST_FILE = YES;
				IPHONEOS_DEPLOYMENT_TARGET = 18.0;
				MARKETING_VERSION = 1.0;
				PRODUCT_BUNDLE_IDENTIFIER = cz.saffin.SportsTrackerTests;
				PRODUCT_NAME = "$(TARGET_NAME)";
				SWIFT_EMIT_LOC_STRINGS = NO;
				SWIFT_VERSION = 5.0;
				TARGETED_DEVICE_FAMILY = "1,2";
				TEST_HOST = "$(BUILT_PRODUCTS_DIR)/SportsTracker.app/$(BUNDLE_EXECUTABLE_FOLDER_PATH)/SportsTracker";
			};
			name = Debug;
		};
		429C4A732CC916320034331B /* Release */ = {
			isa = XCBuildConfiguration;
			buildSettings = {
				BUNDLE_LOADER = "$(TEST_HOST)";
				CODE_SIGN_STYLE = Automatic;
				CURRENT_PROJECT_VERSION = 1;
				DEVELOPMENT_TEAM = R4HUU3XH9L;
				GENERATE_INFOPLIST_FILE = YES;
				IPHONEOS_DEPLOYMENT_TARGET = 18.0;
				MARKETING_VERSION = 1.0;
				PRODUCT_BUNDLE_IDENTIFIER = cz.saffin.SportsTrackerTests;
				PRODUCT_NAME = "$(TARGET_NAME)";
				SWIFT_EMIT_LOC_STRINGS = NO;
				SWIFT_VERSION = 5.0;
				TARGETED_DEVICE_FAMILY = "1,2";
				TEST_HOST = "$(BUILT_PRODUCTS_DIR)/SportsTracker.app/$(BUNDLE_EXECUTABLE_FOLDER_PATH)/SportsTracker";
			};
			name = Release;
		};
		429C4A752CC916320034331B /* Debug */ = {
			isa = XCBuildConfiguration;
			buildSettings = {
				CODE_SIGN_STYLE = Automatic;
				CURRENT_PROJECT_VERSION = 1;
				DEVELOPMENT_TEAM = R4HUU3XH9L;
				GENERATE_INFOPLIST_FILE = YES;
				MARKETING_VERSION = 1.0;
				PRODUCT_BUNDLE_IDENTIFIER = cz.saffin.SportsTrackerUITests;
				PRODUCT_NAME = "$(TARGET_NAME)";
				SWIFT_EMIT_LOC_STRINGS = NO;
				SWIFT_VERSION = 5.0;
				TARGETED_DEVICE_FAMILY = "1,2";
				TEST_TARGET_NAME = SportsTracker;
			};
			name = Debug;
		};
		429C4A762CC916320034331B /* Release */ = {
			isa = XCBuildConfiguration;
			buildSettings = {
				CODE_SIGN_STYLE = Automatic;
				CURRENT_PROJECT_VERSION = 1;
				DEVELOPMENT_TEAM = R4HUU3XH9L;
				GENERATE_INFOPLIST_FILE = YES;
				MARKETING_VERSION = 1.0;
				PRODUCT_BUNDLE_IDENTIFIER = cz.saffin.SportsTrackerUITests;
				PRODUCT_NAME = "$(TARGET_NAME)";
				SWIFT_EMIT_LOC_STRINGS = NO;
				SWIFT_VERSION = 5.0;
				TARGETED_DEVICE_FAMILY = "1,2";
				TEST_TARGET_NAME = SportsTracker;
			};
			name = Release;
		};
/* End XCBuildConfiguration section */

/* Begin XCConfigurationList section */
		429C4A402CC916300034331B /* Build configuration list for PBXProject "SportsTracker" */ = {
			isa = XCConfigurationList;
			buildConfigurations = (
				429C4A6C2CC916320034331B /* Debug */,
				429C4A6D2CC916320034331B /* Release */,
			);
			defaultConfigurationIsVisible = 0;
			defaultConfigurationName = Release;
		};
		429C4A6E2CC916320034331B /* Build configuration list for PBXNativeTarget "SportsTracker" */ = {
			isa = XCConfigurationList;
			buildConfigurations = (
				429C4A6F2CC916320034331B /* Debug */,
				429C4A702CC916320034331B /* Release */,
			);
			defaultConfigurationIsVisible = 0;
			defaultConfigurationName = Release;
		};
		429C4A712CC916320034331B /* Build configuration list for PBXNativeTarget "SportsTrackerTests" */ = {
			isa = XCConfigurationList;
			buildConfigurations = (
				429C4A722CC916320034331B /* Debug */,
				429C4A732CC916320034331B /* Release */,
			);
			defaultConfigurationIsVisible = 0;
			defaultConfigurationName = Release;
		};
		429C4A742CC916320034331B /* Build configuration list for PBXNativeTarget "SportsTrackerUITests" */ = {
			isa = XCConfigurationList;
			buildConfigurations = (
				429C4A752CC916320034331B /* Debug */,
				429C4A762CC916320034331B /* Release */,
			);
			defaultConfigurationIsVisible = 0;
			defaultConfigurationName = Release;
		};
/* End XCConfigurationList section */

/* Begin XCRemoteSwiftPackageReference section */
		429C4A8B2CC926160034331B /* XCRemoteSwiftPackageReference "firebase-ios-sdk" */ = {
			isa = XCRemoteSwiftPackageReference;
			repositoryURL = "https://github.com/firebase/firebase-ios-sdk";
			requirement = {
				kind = upToNextMajorVersion;
				minimumVersion = 11.4.0;
			};
		};
/* End XCRemoteSwiftPackageReference section */

/* Begin XCSwiftPackageProductDependency section */
		429C4A8C2CC926160034331B /* FirebaseAuth */ = {
			isa = XCSwiftPackageProductDependency;
			package = 429C4A8B2CC926160034331B /* XCRemoteSwiftPackageReference "firebase-ios-sdk" */;
			productName = FirebaseAuth;
		};
		429C4A8E2CC926160034331B /* FirebaseFirestore */ = {
			isa = XCSwiftPackageProductDependency;
			package = 429C4A8B2CC926160034331B /* XCRemoteSwiftPackageReference "firebase-ios-sdk" */;
			productName = FirebaseFirestore;
		};
		429C4A912CC926470034331B /* FirebaseCore */ = {
			isa = XCSwiftPackageProductDependency;
			package = 429C4A8B2CC926160034331B /* XCRemoteSwiftPackageReference "firebase-ios-sdk" */;
			productName = FirebaseCore;
		};
/* End XCSwiftPackageProductDependency section */
	};
	rootObject = 429C4A3D2CC916300034331B /* Project object */;
}
